
Microsoft Visual Studio Solution File, Format Version 12.00
# Visual Studio 2012
# SharpDevelop 5.1
VisualStudioVersion = 12.0.20827.3
MinimumVisualStudioVersion = 10.0.40219.1
Project("{FAE04EC0-301F-11D3-BF4B-00C04F79EFBC}") = "ExpressionBuilder", "ExpressionBuilder\ExpressionBuilder.csproj", "{5706B594-1D5D-43EC-BFE3-BC6B971C448D}"
EndProject
Project("{FAE04EC0-301F-11D3-BF4B-00C04F79EFBC}") = "ExpressionBuilder.Test", "ExpressionBuilder.Test\ExpressionBuilder.Test.csproj", "{7A9F0112-5A67-467D-9983-5069DF3DC5E8}"
EndProject
Global
	GlobalSection(SolutionConfigurationPlatforms) = preSolution
		Debug|Any CPU = Debug|Any CPU
		Release|Any CPU = Release|Any CPU
	EndGlobalSection
	GlobalSection(ProjectConfigurationPlatforms) = postSolution
		{5706B594-1D5D-43EC-BFE3-BC6B971C448D}.Debug|Any CPU.ActiveCfg = Debug|Any CPU
		{5706B594-1D5D-43EC-BFE3-BC6B971C448D}.Debug|Any CPU.Build.0 = Debug|Any CPU
		{5706B594-1D5D-43EC-BFE3-BC6B971C448D}.Release|Any CPU.ActiveCfg = Release|Any CPU
		{5706B594-1D5D-43EC-BFE3-BC6B971C448D}.Release|Any CPU.Build.0 = Release|Any CPU
		{7A9F0112-5A67-467D-9983-5069DF3DC5E8}.Debug|Any CPU.ActiveCfg = Debug|Any CPU
		{7A9F0112-5A67-467D-9983-5069DF3DC5E8}.Debug|Any CPU.Build.0 = Debug|Any CPU
		{7A9F0112-5A67-467D-9983-5069DF3DC5E8}.Release|Any CPU.ActiveCfg = Release|Any CPU
		{7A9F0112-5A67-467D-9983-5069DF3DC5E8}.Release|Any CPU.Build.0 = Release|Any CPU
	EndGlobalSection
EndGlobal
