
Microsoft Visual Studio Solution File, Format Version 12.00
# Visual Studio 15
VisualStudioVersion = 15.0.27703.2026
MinimumVisualStudioVersion = 10.0.40219.1
Project("{FAE04EC0-301F-11D3-BF4B-00C04F79EFBC}") = "ExpressionBuilder", "..\ExpressionBuilder\ExpressionBuilder.csproj", "{70BF550D-5943-4162-8FAB-0BBA743A3D93}"
EndProject
Project("{FAE04EC0-301F-11D3-BF4B-00C04F79EFBC}") = "ExpressionBuilder.WinForms", "..\ExpressionBuilder.WinForms\ExpressionBuilder.WinForms.csproj", "{5706B594-1D5D-43EC-BFE3-BC6B971C448D}"
EndProject
Global
	GlobalSection(SolutionConfigurationPlatforms) = preSolution
		Debug|Any CPU = Debug|Any CPU
		Release|Any CPU = Release|Any CPU
	EndGlobalSection
	GlobalSection(ProjectConfigurationPlatforms) = postSolution
		{70BF550D-5943-4162-8FAB-0BBA743A3D93}.Debug|Any CPU.ActiveCfg = Debug|Any CPU
		{70BF550D-5943-4162-8FAB-0BBA743A3D93}.Debug|Any CPU.Build.0 = Debug|Any CPU
		{70BF550D-5943-4162-8FAB-0BBA743A3D93}.Release|Any CPU.ActiveCfg = Release|Any CPU
		{70BF550D-5943-4162-8FAB-0BBA743A3D93}.Release|Any CPU.Build.0 = Release|Any CPU
		{5706B594-1D5D-43EC-BFE3-BC6B971C448D}.Debug|Any CPU.ActiveCfg = Debug|Any CPU
		{5706B594-1D5D-43EC-BFE3-BC6B971C448D}.Debug|Any CPU.Build.0 = Debug|Any CPU
		{5706B594-1D5D-43EC-BFE3-BC6B971C448D}.Release|Any CPU.ActiveCfg = Release|Any CPU
		{5706B594-1D5D-43EC-BFE3-BC6B971C448D}.Release|Any CPU.Build.0 = Release|Any CPU
	EndGlobalSection
	GlobalSection(SolutionProperties) = preSolution
		HideSolutionNode = FALSE
	EndGlobalSection
	GlobalSection(ExtensibilityGlobals) = postSolution
		SolutionGuid = {20A22ECC-458D-430F-954C-18DB410878C6}
	EndGlobalSection
EndGlobal
